// !$*UTF8*$!
{
	archiveVersion = 1;
	classes = {
	};
	objectVersion = 55;
	objects = {

/* Begin PBXBuildFile section */
		8F39530C282ABEF700FCC2BE /* Abel-Regular.ttf in Resources */ = {isa = PBXBuildFile; fileRef = 8F39530B282ABEF700FCC2BE /* Abel-Regular.ttf */; };
		8F39530E282ABF0A00FCC2BE /* NotoSans-Medium.ttf in Resources */ = {isa = PBXBuildFile; fileRef = 8F39530D282ABF0A00FCC2BE /* NotoSans-Medium.ttf */; };
		8F637CA928212F59009E0D0A /* AppDelegate.swift in Sources */ = {isa = PBXBuildFile; fileRef = 8F637CA828212F59009E0D0A /* AppDelegate.swift */; };
		8F637CAB28212F59009E0D0A /* SceneDelegate.swift in Sources */ = {isa = PBXBuildFile; fileRef = 8F637CAA28212F59009E0D0A /* SceneDelegate.swift */; };
		8F637CAD28212F59009E0D0A /* ViewController.swift in Sources */ = {isa = PBXBuildFile; fileRef = 8F637CAC28212F59009E0D0A /* ViewController.swift */; };
		8F637CB028212F59009E0D0A /* Main.storyboard in Resources */ = {isa = PBXBuildFile; fileRef = 8F637CAE28212F59009E0D0A /* Main.storyboard */; };
		8F637CB228212F5A009E0D0A /* Assets.xcassets in Resources */ = {isa = PBXBuildFile; fileRef = 8F637CB128212F5A009E0D0A /* Assets.xcassets */; };
		8F637CB528212F5A009E0D0A /* LaunchScreen.storyboard in Resources */ = {isa = PBXBuildFile; fileRef = 8F637CB328212F5A009E0D0A /* LaunchScreen.storyboard */; };
		8F637CE428261189009E0D0A /* CategoriesCollectionViewCell.swift in Sources */ = {isa = PBXBuildFile; fileRef = 8F637CE228261189009E0D0A /* CategoriesCollectionViewCell.swift */; };
		8F637CE528261189009E0D0A /* CategoriesCollectionViewCell.xib in Resources */ = {isa = PBXBuildFile; fileRef = 8F637CE328261189009E0D0A /* CategoriesCollectionViewCell.xib */; };
		8F637CEA28261C18009E0D0A /* ModelCategoryCollectionView.swift in Sources */ = {isa = PBXBuildFile; fileRef = 8F637CE928261C18009E0D0A /* ModelCategoryCollectionView.swift */; };
		8F7B425C28291A060002B152 /* EventsCollectionViewCell.swift in Sources */ = {isa = PBXBuildFile; fileRef = 8F7B425A28291A060002B152 /* EventsCollectionViewCell.swift */; };
		8F7B425D28291A060002B152 /* EventsCollectionViewCell.xib in Resources */ = {isa = PBXBuildFile; fileRef = 8F7B425B28291A060002B152 /* EventsCollectionViewCell.xib */; };
		8F7B426128291A6E0002B152 /* InviteTableViewCell.swift in Sources */ = {isa = PBXBuildFile; fileRef = 8F7B425F28291A6E0002B152 /* InviteTableViewCell.swift */; };
		8F7B426228291A6E0002B152 /* InviteTableViewCell.xib in Resources */ = {isa = PBXBuildFile; fileRef = 8F7B426028291A6E0002B152 /* InviteTableViewCell.xib */; };
		8F7B426728295F6E0002B152 /* ModelEventCollectionView.swift in Sources */ = {isa = PBXBuildFile; fileRef = 8F7B426628295F6E0002B152 /* ModelEventCollectionView.swift */; };
		8F7B426C282A03290002B152 /* CollectionTableViewCell.swift in Sources */ = {isa = PBXBuildFile; fileRef = 8F7B426A282A03290002B152 /* CollectionTableViewCell.swift */; };
		8F7B426D282A03290002B152 /* CollectionTableViewCell.xib in Resources */ = {isa = PBXBuildFile; fileRef = 8F7B426B282A03290002B152 /* CollectionTableViewCell.xib */; };
		8F7B4270282A4A5B0002B152 /* ModelHeadingCollectionView.swift in Sources */ = {isa = PBXBuildFile; fileRef = 8F7B426F282A4A5A0002B152 /* ModelHeadingCollectionView.swift */; };
		8F7B4272282A63BE0002B152 /* ModelIviteTableViewCell.swift in Sources */ = {isa = PBXBuildFile; fileRef = 8F7B4271282A63BE0002B152 /* ModelIviteTableViewCell.swift */; };
/* End PBXBuildFile section */

/* Begin PBXFileReference section */
		8F39530B282ABEF700FCC2BE /* Abel-Regular.ttf */ = {isa = PBXFileReference; lastKnownFileType = file; path = "Abel-Regular.ttf"; sourceTree = "<group>"; };
		8F39530D282ABF0A00FCC2BE /* NotoSans-Medium.ttf */ = {isa = PBXFileReference; lastKnownFileType = file; path = "NotoSans-Medium.ttf"; sourceTree = "<group>"; };
		8F637CA528212F59009E0D0A /* Training_CollectionView.app */ = {isa = PBXFileReference; explicitFileType = wrapper.application; includeInIndex = 0; path = Training_CollectionView.app; sourceTree = BUILT_PRODUCTS_DIR; };
		8F637CA828212F59009E0D0A /* AppDelegate.swift */ = {isa = PBXFileReference; lastKnownFileType = sourcecode.swift; path = AppDelegate.swift; sourceTree = "<group>"; };
		8F637CAA28212F59009E0D0A /* SceneDelegate.swift */ = {isa = PBXFileReference; lastKnownFileType = sourcecode.swift; path = SceneDelegate.swift; sourceTree = "<group>"; };
		8F637CAC28212F59009E0D0A /* ViewController.swift */ = {isa = PBXFileReference; lastKnownFileType = sourcecode.swift; path = ViewController.swift; sourceTree = "<group>"; };
		8F637CAF28212F59009E0D0A /* Base */ = {isa = PBXFileReference; lastKnownFileType = file.storyboard; name = Base; path = Base.lproj/Main.storyboard; sourceTree = "<group>"; };
		8F637CB128212F5A009E0D0A /* Assets.xcassets */ = {isa = PBXFileReference; lastKnownFileType = folder.assetcatalog; path = Assets.xcassets; sourceTree = "<group>"; };
		8F637CB428212F5A009E0D0A /* Base */ = {isa = PBXFileReference; lastKnownFileType = file.storyboard; name = Base; path = Base.lproj/LaunchScreen.storyboard; sourceTree = "<group>"; };
		8F637CB628212F5A009E0D0A /* Info.plist */ = {isa = PBXFileReference; lastKnownFileType = text.plist.xml; path = Info.plist; sourceTree = "<group>"; };
		8F637CE228261189009E0D0A /* CategoriesCollectionViewCell.swift */ = {isa = PBXFileReference; lastKnownFileType = sourcecode.swift; path = CategoriesCollectionViewCell.swift; sourceTree = "<group>"; };
		8F637CE328261189009E0D0A /* CategoriesCollectionViewCell.xib */ = {isa = PBXFileReference; lastKnownFileType = file.xib; path = CategoriesCollectionViewCell.xib; sourceTree = "<group>"; };
		8F637CE928261C18009E0D0A /* ModelCategoryCollectionView.swift */ = {isa = PBXFileReference; lastKnownFileType = sourcecode.swift; path = ModelCategoryCollectionView.swift; sourceTree = "<group>"; };
		8F7B425A28291A060002B152 /* EventsCollectionViewCell.swift */ = {isa = PBXFileReference; lastKnownFileType = sourcecode.swift; path = EventsCollectionViewCell.swift; sourceTree = "<group>"; };
		8F7B425B28291A060002B152 /* EventsCollectionViewCell.xib */ = {isa = PBXFileReference; lastKnownFileType = file.xib; path = EventsCollectionViewCell.xib; sourceTree = "<group>"; };
		8F7B425F28291A6E0002B152 /* InviteTableViewCell.swift */ = {isa = PBXFileReference; lastKnownFileType = sourcecode.swift; path = InviteTableViewCell.swift; sourceTree = "<group>"; };
		8F7B426028291A6E0002B152 /* InviteTableViewCell.xib */ = {isa = PBXFileReference; lastKnownFileType = file.xib; path = InviteTableViewCell.xib; sourceTree = "<group>"; };
		8F7B426628295F6E0002B152 /* ModelEventCollectionView.swift */ = {isa = PBXFileReference; lastKnownFileType = sourcecode.swift; path = ModelEventCollectionView.swift; sourceTree = "<group>"; };
		8F7B426A282A03290002B152 /* CollectionTableViewCell.swift */ = {isa = PBXFileReference; lastKnownFileType = sourcecode.swift; path = CollectionTableViewCell.swift; sourceTree = "<group>"; };
		8F7B426B282A03290002B152 /* CollectionTableViewCell.xib */ = {isa = PBXFileReference; lastKnownFileType = file.xib; path = CollectionTableViewCell.xib; sourceTree = "<group>"; };
		8F7B426F282A4A5A0002B152 /* ModelHeadingCollectionView.swift */ = {isa = PBXFileReference; lastKnownFileType = sourcecode.swift; path = ModelHeadingCollectionView.swift; sourceTree = "<group>"; };
		8F7B4271282A63BE0002B152 /* ModelIviteTableViewCell.swift */ = {isa = PBXFileReference; lastKnownFileType = sourcecode.swift; path = ModelIviteTableViewCell.swift; sourceTree = "<group>"; };
/* End PBXFileReference section */

/* Begin PBXFrameworksBuildPhase section */
		8F637CA228212F59009E0D0A /* Frameworks */ = {
			isa = PBXFrameworksBuildPhase;
			buildActionMask = 2147483647;
			files = (
			);
			runOnlyForDeploymentPostprocessing = 0;
		};
/* End PBXFrameworksBuildPhase section */

/* Begin PBXGroup section */
		8F637C9C28212F59009E0D0A = {
			isa = PBXGroup;
			children = (
				8F637CA728212F59009E0D0A /* Training_CollectionView */,
				8F637CA628212F59009E0D0A /* Products */,
			);
			sourceTree = "<group>";
		};
		8F637CA628212F59009E0D0A /* Products */ = {
			isa = PBXGroup;
			children = (
				8F637CA528212F59009E0D0A /* Training_CollectionView.app */,
			);
			name = Products;
			sourceTree = "<group>";
		};
		8F637CA728212F59009E0D0A /* Training_CollectionView */ = {
			isa = PBXGroup;
			children = (
				8F637CEB28262457009E0D0A /* Font */,
				8F637CE128260F2D009E0D0A /* Models */,
				8F7B426528291B280002B152 /* CollectionViewCell */,
				8F7B426428291B0B0002B152 /* TableViewCell */,
				8F637CAA28212F59009E0D0A /* SceneDelegate.swift */,
				8F637CA828212F59009E0D0A /* AppDelegate.swift */,
				8F637CAC28212F59009E0D0A /* ViewController.swift */,
				8F637CAE28212F59009E0D0A /* Main.storyboard */,
				8F637CB128212F5A009E0D0A /* Assets.xcassets */,
				8F637CB328212F5A009E0D0A /* LaunchScreen.storyboard */,
				8F637CB628212F5A009E0D0A /* Info.plist */,
			);
			path = Training_CollectionView;
			sourceTree = "<group>";
		};
		8F637CE128260F2D009E0D0A /* Models */ = {
			isa = PBXGroup;
			children = (
				8F637CE928261C18009E0D0A /* ModelCategoryCollectionView.swift */,
				8F7B426628295F6E0002B152 /* ModelEventCollectionView.swift */,
				8F7B426F282A4A5A0002B152 /* ModelHeadingCollectionView.swift */,
				8F7B4271282A63BE0002B152 /* ModelIviteTableViewCell.swift */,
			);
			path = Models;
			sourceTree = "<group>";
		};
		8F637CE628261191009E0D0A /* CategoriesCollectionViewCell */ = {
			isa = PBXGroup;
			children = (
				8F637CE228261189009E0D0A /* CategoriesCollectionViewCell.swift */,
				8F637CE328261189009E0D0A /* CategoriesCollectionViewCell.xib */,
			);
			path = CategoriesCollectionViewCell;
			sourceTree = "<group>";
		};
		8F637CEB28262457009E0D0A /* Font */ = {
			isa = PBXGroup;
			children = (
				8F39530D282ABF0A00FCC2BE /* NotoSans-Medium.ttf */,
				8F39530B282ABEF700FCC2BE /* Abel-Regular.ttf */,
			);
			path = Font;
			sourceTree = "<group>";
		};
		8F7B425E28291A140002B152 /* EventsCollectionViewCell */ = {
			isa = PBXGroup;
			children = (
				8F7B425A28291A060002B152 /* EventsCollectionViewCell.swift */,
				8F7B425B28291A060002B152 /* EventsCollectionViewCell.xib */,
			);
			path = EventsCollectionViewCell;
			sourceTree = "<group>";
		};
		8F7B426328291A760002B152 /* InviteTableViewCell */ = {
			isa = PBXGroup;
			children = (
				8F7B425F28291A6E0002B152 /* InviteTableViewCell.swift */,
				8F7B426028291A6E0002B152 /* InviteTableViewCell.xib */,
			);
			path = InviteTableViewCell;
			sourceTree = "<group>";
		};
		8F7B426428291B0B0002B152 /* TableViewCell */ = {
			isa = PBXGroup;
			children = (
				8F7B426E282A032E0002B152 /* CollectionTableViewCell */,
				8F7B426328291A760002B152 /* InviteTableViewCell */,
			);
			path = TableViewCell;
			sourceTree = "<group>";
		};
		8F7B426528291B280002B152 /* CollectionViewCell */ = {
			isa = PBXGroup;
			children = (
				8F637CE628261191009E0D0A /* CategoriesCollectionViewCell */,
				8F7B425E28291A140002B152 /* EventsCollectionViewCell */,
			);
			path = CollectionViewCell;
			sourceTree = "<group>";
		};
		8F7B426E282A032E0002B152 /* CollectionTableViewCell */ = {
			isa = PBXGroup;
			children = (
				8F7B426A282A03290002B152 /* CollectionTableViewCell.swift */,
				8F7B426B282A03290002B152 /* CollectionTableViewCell.xib */,
			);
			path = CollectionTableViewCell;
			sourceTree = "<group>";
		};
/* End PBXGroup section */

/* Begin PBXNativeTarget section */
		8F637CA428212F59009E0D0A /* Training_CollectionView */ = {
			isa = PBXNativeTarget;
			buildConfigurationList = 8F637CB928212F5A009E0D0A /* Build configuration list for PBXNativeTarget "Training_CollectionView" */;
			buildPhases = (
				8F637CA128212F59009E0D0A /* Sources */,
				8F637CA228212F59009E0D0A /* Frameworks */,
				8F637CA328212F59009E0D0A /* Resources */,
			);
			buildRules = (
			);
			dependencies = (
			);
			name = Training_CollectionView;
			productName = Training_CollectionView;
			productReference = 8F637CA528212F59009E0D0A /* Training_CollectionView.app */;
			productType = "com.apple.product-type.application";
		};
/* End PBXNativeTarget section */

/* Begin PBXProject section */
		8F637C9D28212F59009E0D0A /* Project object */ = {
			isa = PBXProject;
			attributes = {
				BuildIndependentTargetsInParallel = 1;
				LastSwiftUpdateCheck = 1330;
				LastUpgradeCheck = 1330;
				TargetAttributes = {
					8F637CA428212F59009E0D0A = {
						CreatedOnToolsVersion = 13.3.1;
					};
				};
			};
			buildConfigurationList = 8F637CA028212F59009E0D0A /* Build configuration list for PBXProject "Training_CollectionView" */;
			compatibilityVersion = "Xcode 13.0";
			developmentRegion = en;
			hasScannedForEncodings = 0;
			knownRegions = (
				en,
				Base,
			);
			mainGroup = 8F637C9C28212F59009E0D0A;
			productRefGroup = 8F637CA628212F59009E0D0A /* Products */;
			projectDirPath = "";
			projectRoot = "";
			targets = (
				8F637CA428212F59009E0D0A /* Training_CollectionView */,
			);
		};
/* End PBXProject section */

/* Begin PBXResourcesBuildPhase section */
		8F637CA328212F59009E0D0A /* Resources */ = {
			isa = PBXResourcesBuildPhase;
			buildActionMask = 2147483647;
			files = (
				8F7B426D282A03290002B152 /* CollectionTableViewCell.xib in Resources */,
				8F7B426228291A6E0002B152 /* InviteTableViewCell.xib in Resources */,
				8F637CE528261189009E0D0A /* CategoriesCollectionViewCell.xib in Resources */,
				8F637CB528212F5A009E0D0A /* LaunchScreen.storyboard in Resources */,
				8F637CB228212F5A009E0D0A /* Assets.xcassets in Resources */,
				8F7B425D28291A060002B152 /* EventsCollectionViewCell.xib in Resources */,
				8F637CB028212F59009E0D0A /* Main.storyboard in Resources */,
				8F39530C282ABEF700FCC2BE /* Abel-Regular.ttf in Resources */,
				8F39530E282ABF0A00FCC2BE /* NotoSans-Medium.ttf in Resources */,
			);
			runOnlyForDeploymentPostprocessing = 0;
		};
/* End PBXResourcesBuildPhase section */

/* Begin PBXSourcesBuildPhase section */
		8F637CA128212F59009E0D0A /* Sources */ = {
			isa = PBXSourcesBuildPhase;
			buildActionMask = 2147483647;
			files = (
				8F637CAD28212F59009E0D0A /* ViewController.swift in Sources */,
				8F637CA928212F59009E0D0A /* AppDelegate.swift in Sources */,
				8F637CEA28261C18009E0D0A /* ModelCategoryCollectionView.swift in Sources */,
				8F7B426728295F6E0002B152 /* ModelEventCollectionView.swift in Sources */,
				8F637CE428261189009E0D0A /* CategoriesCollectionViewCell.swift in Sources */,
				8F637CAB28212F59009E0D0A /* SceneDelegate.swift in Sources */,
				8F7B4270282A4A5B0002B152 /* ModelHeadingCollectionView.swift in Sources */,
				8F7B426128291A6E0002B152 /* InviteTableViewCell.swift in Sources */,
				8F7B426C282A03290002B152 /* CollectionTableViewCell.swift in Sources */,
				8F7B4272282A63BE0002B152 /* ModelIviteTableViewCell.swift in Sources */,
				8F7B425C28291A060002B152 /* EventsCollectionViewCell.swift in Sources */,
			);
			runOnlyForDeploymentPostprocessing = 0;
		};
/* End PBXSourcesBuildPhase section */

/* Begin PBXVariantGroup section */
		8F637CAE28212F59009E0D0A /* Main.storyboard */ = {
			isa = PBXVariantGroup;
			children = (
				8F637CAF28212F59009E0D0A /* Base */,
			);
			name = Main.storyboard;
			sourceTree = "<group>";
		};
		8F637CB328212F5A009E0D0A /* LaunchScreen.storyboard */ = {
			isa = PBXVariantGroup;
			children = (
				8F637CB428212F5A009E0D0A /* Base */,
			);
			name = LaunchScreen.storyboard;
			sourceTree = "<group>";
		};
/* End PBXVariantGroup section */

/* Begin XCBuildConfiguration section */
		8F637CB728212F5A009E0D0A /* Debug */ = {
			isa = XCBuildConfiguration;
			buildSettings = {
				ALWAYS_SEARCH_USER_PATHS = NO;
				CLANG_ANALYZER_NONNULL = YES;
				CLANG_ANALYZER_NUMBER_OBJECT_CONVERSION = YES_AGGRESSIVE;
				CLANG_CXX_LANGUAGE_STANDARD = "gnu++17";
				CLANG_ENABLE_MODULES = YES;
				CLANG_ENABLE_OBJC_ARC = YES;
				CLANG_ENABLE_OBJC_WEAK = YES;
				CLANG_WARN_BLOCK_CAPTURE_AUTORELEASING = YES;
				CLANG_WARN_BOOL_CONVERSION = YES;
				CLANG_WARN_COMMA = YES;
				CLANG_WARN_CONSTANT_CONVERSION = YES;
				CLANG_WARN_DEPRECATED_OBJC_IMPLEMENTATIONS = YES;
				CLANG_WARN_DIRECT_OBJC_ISA_USAGE = YES_ERROR;
				CLANG_WARN_DOCUMENTATION_COMMENTS = YES;
				CLANG_WARN_EMPTY_BODY = YES;
				CLANG_WARN_ENUM_CONVERSION = YES;
				CLANG_WARN_INFINITE_RECURSION = YES;
				CLANG_WARN_INT_CONVERSION = YES;
				CLANG_WARN_NON_LITERAL_NULL_CONVERSION = YES;
				CLANG_WARN_OBJC_IMPLICIT_RETAIN_SELF = YES;
				CLANG_WARN_OBJC_LITERAL_CONVERSION = YES;
				CLANG_WARN_OBJC_ROOT_CLASS = YES_ERROR;
				CLANG_WARN_QUOTED_INCLUDE_IN_FRAMEWORK_HEADER = YES;
				CLANG_WARN_RANGE_LOOP_ANALYSIS = YES;
				CLANG_WARN_STRICT_PROTOTYPES = YES;
				CLANG_WARN_SUSPICIOUS_MOVE = YES;
				CLANG_WARN_UNGUARDED_AVAILABILITY = YES_AGGRESSIVE;
				CLANG_WARN_UNREACHABLE_CODE = YES;
				CLANG_WARN__DUPLICATE_METHOD_MATCH = YES;
				COPY_PHASE_STRIP = NO;
				DEBUG_INFORMATION_FORMAT = dwarf;
				ENABLE_STRICT_OBJC_MSGSEND = YES;
				ENABLE_TESTABILITY = YES;
				GCC_C_LANGUAGE_STANDARD = gnu11;
				GCC_DYNAMIC_NO_PIC = NO;
				GCC_NO_COMMON_BLOCKS = YES;
				GCC_OPTIMIZATION_LEVEL = 0;
				GCC_PREPROCESSOR_DEFINITIONS = (
					"DEBUG=1",
					"$(inherited)",
				);
				GCC_WARN_64_TO_32_BIT_CONVERSION = YES;
				GCC_WARN_ABOUT_RETURN_TYPE = YES_ERROR;
				GCC_WARN_UNDECLARED_SELECTOR = YES;
				GCC_WARN_UNINITIALIZED_AUTOS = YES_AGGRESSIVE;
				GCC_WARN_UNUSED_FUNCTION = YES;
				GCC_WARN_UNUSED_VARIABLE = YES;
				IPHONEOS_DEPLOYMENT_TARGET = 15.4;
				MTL_ENABLE_DEBUG_INFO = INCLUDE_SOURCE;
				MTL_FAST_MATH = YES;
				ONLY_ACTIVE_ARCH = YES;
				SDKROOT = iphoneos;
				SWIFT_ACTIVE_COMPILATION_CONDITIONS = DEBUG;
				SWIFT_OPTIMIZATION_LEVEL = "-Onone";
			};
			name = Debug;
		};
		8F637CB828212F5A009E0D0A /* Release */ = {
			isa = XCBuildConfiguration;
			buildSettings = {
				ALWAYS_SEARCH_USER_PATHS = NO;
				CLANG_ANALYZER_NONNULL = YES;
				CLANG_ANALYZER_NUMBER_OBJECT_CONVERSION = YES_AGGRESSIVE;
				CLANG_CXX_LANGUAGE_STANDARD = "gnu++17";
				CLANG_ENABLE_MODULES = YES;
				CLANG_ENABLE_OBJC_ARC = YES;
				CLANG_ENABLE_OBJC_WEAK = YES;
				CLANG_WARN_BLOCK_CAPTURE_AUTORELEASING = YES;
				CLANG_WARN_BOOL_CONVERSION = YES;
				CLANG_WARN_COMMA = YES;
				CLANG_WARN_CONSTANT_CONVERSION = YES;
				CLANG_WARN_DEPRECATED_OBJC_IMPLEMENTATIONS = YES;
				CLANG_WARN_DIRECT_OBJC_ISA_USAGE = YES_ERROR;
				CLANG_WARN_DOCUMENTATION_COMMENTS = YES;
				CLANG_WARN_EMPTY_BODY = YES;
				CLANG_WARN_ENUM_CONVERSION = YES;
				CLANG_WARN_INFINITE_RECURSION = YES;
				CLANG_WARN_INT_CONVERSION = YES;
				CLANG_WARN_NON_LITERAL_NULL_CONVERSION = YES;
				CLANG_WARN_OBJC_IMPLICIT_RETAIN_SELF = YES;
				CLANG_WARN_OBJC_LITERAL_CONVERSION = YES;
				CLANG_WARN_OBJC_ROOT_CLASS = YES_ERROR;
				CLANG_WARN_QUOTED_INCLUDE_IN_FRAMEWORK_HEADER = YES;
				CLANG_WARN_RANGE_LOOP_ANALYSIS = YES;
				CLANG_WARN_STRICT_PROTOTYPES = YES;
				CLANG_WARN_SUSPICIOUS_MOVE = YES;
				CLANG_WARN_UNGUARDED_AVAILABILITY = YES_AGGRESSIVE;
				CLANG_WARN_UNREACHABLE_CODE = YES;
				CLANG_WARN__DUPLICATE_METHOD_MATCH = YES;
				COPY_PHASE_STRIP = NO;
				DEBUG_INFORMATION_FORMAT = "dwarf-with-dsym";
				ENABLE_NS_ASSERTIONS = NO;
				ENABLE_STRICT_OBJC_MSGSEND = YES;
				GCC_C_LANGUAGE_STANDARD = gnu11;
				GCC_NO_COMMON_BLOCKS = YES;
				GCC_WARN_64_TO_32_BIT_CONVERSION = YES;
				GCC_WARN_ABOUT_RETURN_TYPE = YES_ERROR;
				GCC_WARN_UNDECLARED_SELECTOR = YES;
				GCC_WARN_UNINITIALIZED_AUTOS = YES_AGGRESSIVE;
				GCC_WARN_UNUSED_FUNCTION = YES;
				GCC_WARN_UNUSED_VARIABLE = YES;
				IPHONEOS_DEPLOYMENT_TARGET = 15.4;
				MTL_ENABLE_DEBUG_INFO = NO;
				MTL_FAST_MATH = YES;
				SDKROOT = iphoneos;
				SWIFT_COMPILATION_MODE = wholemodule;
				SWIFT_OPTIMIZATION_LEVEL = "-O";
				VALIDATE_PRODUCT = YES;
			};
			name = Release;
		};
		8F637CBA28212F5A009E0D0A /* Debug */ = {
			isa = XCBuildConfiguration;
			buildSettings = {
				ASSETCATALOG_COMPILER_APPICON_NAME = AppIcon;
				ASSETCATALOG_COMPILER_GLOBAL_ACCENT_COLOR_NAME = AccentColor;
				CODE_SIGN_STYLE = Automatic;
				CURRENT_PROJECT_VERSION = 1;
				DEVELOPMENT_TEAM = ZDG2TCV5NK;
				GENERATE_INFOPLIST_FILE = YES;
				INFOPLIST_FILE = Training_CollectionView/Info.plist;
				INFOPLIST_KEY_LSApplicationCategoryType = "";
				INFOPLIST_KEY_UIApplicationSupportsIndirectInputEvents = YES;
				INFOPLIST_KEY_UILaunchStoryboardName = LaunchScreen;
				INFOPLIST_KEY_UIMainStoryboardFile = Main;
				INFOPLIST_KEY_UISupportedInterfaceOrientations_iPad = "UIInterfaceOrientationPortrait UIInterfaceOrientationPortraitUpsideDown UIInterfaceOrientationLandscapeLeft UIInterfaceOrientationLandscapeRight";
				INFOPLIST_KEY_UISupportedInterfaceOrientations_iPhone = "UIInterfaceOrientationPortrait UIInterfaceOrientationLandscapeLeft UIInterfaceOrientationLandscapeRight";
				LD_RUNPATH_SEARCH_PATHS = (
					"$(inherited)",
					"@executable_path/Frameworks",
				);
				MARKETING_VERSION = 1.0;
				PRODUCT_BUNDLE_IDENTIFIER = "com.Noname.Training-CollectionView";
				PRODUCT_NAME = "$(TARGET_NAME)";
				SWIFT_EMIT_LOC_STRINGS = YES;
				SWIFT_VERSION = 5.0;
				TARGETED_DEVICE_FAMILY = "1,2";
			};
			name = Debug;
		};
		8F637CBB28212F5A009E0D0A /* Release */ = {
			isa = XCBuildConfiguration;
			buildSettings = {
				ASSETCATALOG_COMPILER_APPICON_NAME = AppIcon;
				ASSETCATALOG_COMPILER_GLOBAL_ACCENT_COLOR_NAME = AccentColor;
				CODE_SIGN_STYLE = Automatic;
				CURRENT_PROJECT_VERSION = 1;
				DEVELOPMENT_TEAM = ZDG2TCV5NK;
				GENERATE_INFOPLIST_FILE = YES;
				INFOPLIST_FILE = Training_CollectionView/Info.plist;
				INFOPLIST_KEY_LSApplicationCategoryType = "";
				INFOPLIST_KEY_UIApplicationSupportsIndirectInputEvents = YES;
				INFOPLIST_KEY_UILaunchStoryboardName = LaunchScreen;
				INFOPLIST_KEY_UIMainStoryboardFile = Main;
				INFOPLIST_KEY_UISupportedInterfaceOrientations_iPad = "UIInterfaceOrientationPortrait UIInterfaceOrientationPortraitUpsideDown UIInterfaceOrientationLandscapeLeft UIInterfaceOrientationLandscapeRight";
				INFOPLIST_KEY_UISupportedInterfaceOrientations_iPhone = "UIInterfaceOrientationPortrait UIInterfaceOrientationLandscapeLeft UIInterfaceOrientationLandscapeRight";
				LD_RUNPATH_SEARCH_PATHS = (
					"$(inherited)",
					"@executable_path/Frameworks",
				);
				MARKETING_VERSION = 1.0;
				PRODUCT_BUNDLE_IDENTIFIER = "com.Noname.Training-CollectionView";
				PRODUCT_NAME = "$(TARGET_NAME)";
				SWIFT_EMIT_LOC_STRINGS = YES;
				SWIFT_VERSION = 5.0;
				TARGETED_DEVICE_FAMILY = "1,2";
			};
			name = Release;
		};
/* End XCBuildConfiguration section */

/* Begin XCConfigurationList section */
		8F637CA028212F59009E0D0A /* Build configuration list for PBXProject "Training_CollectionView" */ = {
			isa = XCConfigurationList;
			buildConfigurations = (
				8F637CB728212F5A009E0D0A /* Debug */,
				8F637CB828212F5A009E0D0A /* Release */,
			);
			defaultConfigurationIsVisible = 0;
			defaultConfigurationName = Release;
		};
		8F637CB928212F5A009E0D0A /* Build configuration list for PBXNativeTarget "Training_CollectionView" */ = {
			isa = XCConfigurationList;
			buildConfigurations = (
				8F637CBA28212F5A009E0D0A /* Debug */,
				8F637CBB28212F5A009E0D0A /* Release */,
			);
			defaultConfigurationIsVisible = 0;
			defaultConfigurationName = Release;
		};
/* End XCConfigurationList section */
	};
	rootObject = 8F637C9D28212F59009E0D0A /* Project object */;
}
